
Microsoft Visual Studio Solution File, Format Version 12.00
# Visual Studio 15
VisualStudioVersion = 15.0.27428.2037
MinimumVisualStudioVersion = 10.0.40219.1
Project("{F184B08F-C81C-45F6-A57F-5ABD9991F28F}") = "Entidades", "Entidades\Entidades.vbproj", "{74B84885-BB31-4A84-9EF6-FBBAE51BF89F}"
EndProject
Project("{F184B08F-C81C-45F6-A57F-5ABD9991F28F}") = "EntidadesTest", "EntidadesTest\EntidadesTest.vbproj", "{AA99491D-9DEE-422C-8F7E-F7A6E698F8A9}"
EndProject
Global
	GlobalSection(SolutionConfigurationPlatforms) = preSolution
		Debug|Any CPU = Debug|Any CPU
		Release|Any CPU = Release|Any CPU
	EndGlobalSection
	GlobalSection(ProjectConfigurationPlatforms) = postSolution
		{74B84885-BB31-4A84-9EF6-FBBAE51BF89F}.Debug|Any CPU.ActiveCfg = Debug|Any CPU
		{74B84885-BB31-4A84-9EF6-FBBAE51BF89F}.Debug|Any CPU.Build.0 = Debug|Any CPU
		{74B84885-BB31-4A84-9EF6-FBBAE51BF89F}.Release|Any CPU.ActiveCfg = Release|Any CPU
		{74B84885-BB31-4A84-9EF6-FBBAE51BF89F}.Release|Any CPU.Build.0 = Release|Any CPU
		{AA99491D-9DEE-422C-8F7E-F7A6E698F8A9}.Debug|Any CPU.ActiveCfg = Debug|Any CPU
		{AA99491D-9DEE-422C-8F7E-F7A6E698F8A9}.Debug|Any CPU.Build.0 = Debug|Any CPU
		{AA99491D-9DEE-422C-8F7E-F7A6E698F8A9}.Release|Any CPU.ActiveCfg = Release|Any CPU
		{AA99491D-9DEE-422C-8F7E-F7A6E698F8A9}.Release|Any CPU.Build.0 = Release|Any CPU
	EndGlobalSection
	GlobalSection(SolutionProperties) = preSolution
		HideSolutionNode = FALSE
	EndGlobalSection
	GlobalSection(ExtensibilityGlobals) = postSolution
		SolutionGuid = {54F13F6C-2290-49B3-8DAC-059900D6806C}
	EndGlobalSection
EndGlobal
